
Microsoft Visual Studio Solution File, Format Version 12.00
Project("{FAE04EC0-301F-11D3-BF4B-00C04F79EFBC}") = "ErrorLogger.WebApi", "ErrorLogger.WebApi\ErrorLogger.WebApi.csproj", "{FB7DB282-DE5F-4D21-BFFE-6ED20378F42F}"
EndProject
Project("{2150E333-8FDC-42A3-9474-1A3956D46DE8}") = "ErrorLogger", "ErrorLogger", "{EC12E161-3B3F-406C-8AE7-606ED6361ED4}"
EndProject
Project("{FAE04EC0-301F-11D3-BF4B-00C04F79EFBC}") = "ErrorLogger.Core", "ErrorLogger.Core\ErrorLogger.Core.csproj", "{908E41E0-9D6B-4909-93F2-570D6F6990D9}"
EndProject
Project("{FAE04EC0-301F-11D3-BF4B-00C04F79EFBC}") = "ErrorLogger.Application", "ErrorLogger.Application\ErrorLogger.Application.csproj", "{3091E878-385A-49AD-A444-B158244A1DF9}"
EndProject
Project("{FAE04EC0-301F-11D3-BF4B-00C04F79EFBC}") = "ErrorLogger.Infrastructure", "ErrorLogger.Infrastructure\ErrorLogger.Infrastructure.csproj", "{3D882A09-A5E2-4F19-A241-EC0B369808B0}"
EndProject
Global
	GlobalSection(SolutionConfigurationPlatforms) = preSolution
		Debug|Any CPU = Debug|Any CPU
		Release|Any CPU = Release|Any CPU
	EndGlobalSection
	GlobalSection(ProjectConfigurationPlatforms) = postSolution
		{FB7DB282-DE5F-4D21-BFFE-6ED20378F42F}.Debug|Any CPU.ActiveCfg = Debug|Any CPU
		{FB7DB282-DE5F-4D21-BFFE-6ED20378F42F}.Debug|Any CPU.Build.0 = Debug|Any CPU
		{FB7DB282-DE5F-4D21-BFFE-6ED20378F42F}.Release|Any CPU.ActiveCfg = Release|Any CPU
		{FB7DB282-DE5F-4D21-BFFE-6ED20378F42F}.Release|Any CPU.Build.0 = Release|Any CPU
		{908E41E0-9D6B-4909-93F2-570D6F6990D9}.Debug|Any CPU.ActiveCfg = Debug|Any CPU
		{908E41E0-9D6B-4909-93F2-570D6F6990D9}.Debug|Any CPU.Build.0 = Debug|Any CPU
		{908E41E0-9D6B-4909-93F2-570D6F6990D9}.Release|Any CPU.ActiveCfg = Release|Any CPU
		{908E41E0-9D6B-4909-93F2-570D6F6990D9}.Release|Any CPU.Build.0 = Release|Any CPU
		{3091E878-385A-49AD-A444-B158244A1DF9}.Debug|Any CPU.ActiveCfg = Debug|Any CPU
		{3091E878-385A-49AD-A444-B158244A1DF9}.Debug|Any CPU.Build.0 = Debug|Any CPU
		{3091E878-385A-49AD-A444-B158244A1DF9}.Release|Any CPU.ActiveCfg = Release|Any CPU
		{3091E878-385A-49AD-A444-B158244A1DF9}.Release|Any CPU.Build.0 = Release|Any CPU
		{3D882A09-A5E2-4F19-A241-EC0B369808B0}.Debug|Any CPU.ActiveCfg = Debug|Any CPU
		{3D882A09-A5E2-4F19-A241-EC0B369808B0}.Debug|Any CPU.Build.0 = Debug|Any CPU
		{3D882A09-A5E2-4F19-A241-EC0B369808B0}.Release|Any CPU.ActiveCfg = Release|Any CPU
		{3D882A09-A5E2-4F19-A241-EC0B369808B0}.Release|Any CPU.Build.0 = Release|Any CPU
	EndGlobalSection
	GlobalSection(NestedProjects) = preSolution
		{FB7DB282-DE5F-4D21-BFFE-6ED20378F42F} = {EC12E161-3B3F-406C-8AE7-606ED6361ED4}
		{908E41E0-9D6B-4909-93F2-570D6F6990D9} = {EC12E161-3B3F-406C-8AE7-606ED6361ED4}
		{3091E878-385A-49AD-A444-B158244A1DF9} = {EC12E161-3B3F-406C-8AE7-606ED6361ED4}
		{3D882A09-A5E2-4F19-A241-EC0B369808B0} = {EC12E161-3B3F-406C-8AE7-606ED6361ED4}
	EndGlobalSection
EndGlobal
